lockfileVersion: '6.0'

settings:
  autoInstallPeers: true
  excludeLinksFromLockfile: false

dependencies:
  '@playwright/browser-chromium':
    specifier: 1.39.0
    version: 1.39.0
  cron-validator:
    specifier: ^1.3.1
    version: 1.3.1
  dedent:
    specifier: ^1.5.1
    version: 1.5.1
  diff-lines:
    specifier: ^1.1.1
    version: 1.1.1
  fetch-retry:
    specifier: ^5.0.6
    version: 5.0.6
  playwright:
    specifier: 1.39.0
    version: 1.39.0
  zod:
    specifier: ^3.22.4
    version: 3.22.4

packages:

  /@playwright/browser-chromium@1.39.0:
    resolution: {integrity: sha512-s1WPO0qOE7PIZcdcJEd4CHQgXf9rOwy00Den8DsXTI26n/Eqa2HzFSbLRE1Eh2nIJZFSGyKLbopHR0HkT8ClZw==}
    engines: {node: '>=16'}
    requiresBuild: true
    dependencies:
      playwright-core: 1.39.0
    dev: false

  /cron-validator@1.3.1:
    resolution: {integrity: sha512-C1HsxuPCY/5opR55G5/WNzyEGDWFVG+6GLrA+fW/sCTcP6A6NTjUP2AK7B8n2PyFs90kDG2qzwm8LMheADku6A==}
    dev: false

  /dedent@1.5.1:
    resolution: {integrity: sha512-+LxW+KLWxu3HW3M2w2ympwtqPrqYRzU8fqi6Fhd18fBALe15blJPI/I4+UHveMVG6lJqB4JNd4UG0S5cnVHwIg==}
    peerDependencies:
      babel-plugin-macros: ^3.1.0
    peerDependenciesMeta:
      babel-plugin-macros:
        optional: true
    dev: false

  /diff-lines@1.1.1:
    resolution: {integrity: sha512-Oo5JzEEriF/+T0usOeRP5yOzr6SWvni2rrxvIgijMZSxPcEvf8JOvCO5GpnWwkte7fcOgnue/f5ECg1H9lMPCw==}
    dependencies:
      diff: 3.5.0
    dev: false

  /diff@3.5.0:
    resolution: {integrity: sha512-A46qtFgd+g7pDZinpnwiRJtxbC1hpgf0uzP3iG89scHk0AUC7A1TGxf5OiiOUv/JMZR8GOt8hL900hV0bOy5xA==}
    engines: {node: '>=0.3.1'}
    dev: false

  /fetch-retry@5.0.6:
    resolution: {integrity: sha512-3yurQZ2hD9VISAhJJP9bpYFNQrHHBXE2JxxjY5aLEcDi46RmAzJE2OC9FAde0yis5ElW0jTTzs0zfg/Cca4XqQ==}
    dev: false

  /fsevents@2.3.2:
    resolution: {integrity: sha512-xiqMQR4xAeHTuB9uWm+fFRcIOgKBMiOBP+eXiyT7jsgVCq1bkVygt00oASowB7EdtpOHaaPgKt812P9ab+DDKA==}
    engines: {node: ^8.16.0 || ^10.6.0 || >=11.0.0}
    os: [darwin]
    requiresBuild: true
    dev: false
    optional: true

  /playwright-core@1.39.0:
    resolution: {integrity: sha512-+k4pdZgs1qiM+OUkSjx96YiKsXsmb59evFoqv8SKO067qBA+Z2s/dCzJij/ZhdQcs2zlTAgRKfeiiLm8PQ2qvw==}
    engines: {node: '>=16'}
    hasBin: true
    dev: false

  /playwright@1.39.0:
    resolution: {integrity: sha512-naE5QT11uC/Oiq0BwZ50gDmy8c8WLPRTEWuSSFVG2egBka/1qMoSqYQcROMT9zLwJ86oPofcTH2jBY/5wWOgIw==}
    engines: {node: '>=16'}
    hasBin: true
    dependencies:
      playwright-core: 1.39.0
    optionalDependencies:
      fsevents: 2.3.2
    dev: false

  /zod@3.22.4:
    resolution: {integrity: sha512-iC+8Io04lddc+mVqQ9AZ7OQ2MrUKGN+oIQyq1vemgt46jwCwLfhq7/pwnBnNXXXZb8VTVLKwp9EDkx+ryxIWmg==}
    dev: false
